
Microsoft Visual Studio Solution File, Format Version 12.00
# Visual Studio Version 16
VisualStudioVersion = 16.0.31605.320
MinimumVisualStudioVersion = 10.0.40219.1
Project("{888888A0-9F3D-457C-B088-3A5042F75D52}") = "COMPRUEBA_PLANO", "COMPRUEBA_PLANO\COMPRUEBA_PLANO.pyproj", "{FE87905B-BE70-4DDB-9C67-058E3C240FF3}"
EndProject
Global
	GlobalSection(SolutionConfigurationPlatforms) = preSolution
		Debug|Any CPU = Debug|Any CPU
		Release|Any CPU = Release|Any CPU
	EndGlobalSection
	GlobalSection(ProjectConfigurationPlatforms) = postSolution
		{FE87905B-BE70-4DDB-9C67-058E3C240FF3}.Debug|Any CPU.ActiveCfg = Debug|Any CPU
		{FE87905B-BE70-4DDB-9C67-058E3C240FF3}.Release|Any CPU.ActiveCfg = Release|Any CPU
	EndGlobalSection
	GlobalSection(SolutionProperties) = preSolution
		HideSolutionNode = FALSE
	EndGlobalSection
	GlobalSection(ExtensibilityGlobals) = postSolution
		SolutionGuid = {908DC939-8412-400E-889D-9FA44EFC43C0}
	EndGlobalSection
EndGlobal
